{
  "requires": true,
  "lockfileVersion": 1,
  "dependencies": {
    "core-js": {
      "version": "3.12.1",
      "resolved": "https://registry.npmjs.org/core-js/-/core-js-3.12.1.tgz",
      "integrity": "sha512-Ne9DKPHTObRuB09Dru5AjwKjY4cJHVGu+y5f7coGn1E9Grkc3p2iBwE9AI/nJzsE29mQF7oq+mhYYRqOMFN1Bw=="
    },
    "react-full-page": {
      "version": "0.1.11",
      "resolved": "https://registry.npmjs.org/react-full-page/-/react-full-page-0.1.11.tgz",
      "integrity": "sha512-8pSXt2Ik799DWtXqS4746T+OnHEFadOF5gNQ10as6CIwgpGwaMAV0NJ7ItXUfEYAX1E/ky0A/mjeWfvjjldfHQ==",
      "requires": {
        "core-js": "^3.6.5"
      }
    }
  }
}
